
Microsoft Visual Studio Solution File, Format Version 12.00
# Visual Studio Version 16
VisualStudioVersion = 16.0.30611.23
MinimumVisualStudioVersion = 10.0.40219.1
Project("{9A19103F-16F7-4668-BE54-9A1E7A4F7556}") = "ECS.MemberManager.Core.EF.Data", "ECS.MemberManager.Core.EF.Data\ECS.MemberManager.Core.EF.Data.csproj", "{3C2BAFE7-C4C4-47DA-AE33-5A3C6654CA7E}"
EndProject
Project("{9A19103F-16F7-4668-BE54-9A1E7A4F7556}") = "ECS.MemberManager.Core.EF.Domain", "ECS.MemberManager.Core.EF.Domain\ECS.MemberManager.Core.EF.Domain.csproj", "{3CB4A2F3-A2D7-48C2-A672-931B43EDA99D}"
EndProject
Project("{9A19103F-16F7-4668-BE54-9A1E7A4F7556}") = "ECS.MemberManager.Core.BusinessObjects", "ECS.MemberManager.Core.BusinessObjects\ECS.MemberManager.Core.BusinessObjects.csproj", "{BC4318C5-2750-408C-B2B0-DBF37A6B2CA8}"
EndProject
Project("{FAE04EC0-301F-11D3-BF4B-00C04F79EFBC}") = "ECS.MemberManager.Core.UI.Web.Razor", "ECS.MemberManager.Core.UI.Web.Razor\ECS.MemberManager.Core.UI.Web.Razor.csproj", "{6E32F548-4781-4E5F-8585-FD69FCF6B7BE}"
EndProject
Project("{FAE04EC0-301F-11D3-BF4B-00C04F79EFBC}") = "ECS.MemberManager.Core.UI.Web.MVC", "ECS.MemberManager.Core.UI.Web.MVC\ECS.MemberManager.Core.UI.Web.MVC.csproj", "{9AC04A79-AAA0-4DA1-B377-5DBAA03BBD13}"
EndProject
Project("{FAE04EC0-301F-11D3-BF4B-00C04F79EFBC}") = "ECS.MemberManager.Core.UI.Console", "ECS.MemberManager.Core.UI.Console\ECS.MemberManager.Core.UI.Console.csproj", "{64023567-8804-42C1-92E4-C3A4F0855817}"
EndProject
Project("{FAE04EC0-301F-11D3-BF4B-00C04F79EFBC}") = "ECS.MemberManager.Core.DataAccess", "ECS.MemberManager.Core.DataAccess\ECS.MemberManager.Core.DataAccess.csproj", "{CE31E6AF-6A9E-4172-884A-8C18D51C70A0}"
EndProject
Project("{FAE04EC0-301F-11D3-BF4B-00C04F79EFBC}") = "ECS.MemberManager.Core.DataAccess.SqlEF", "ECS.MemberManager.Core.DataAccess.SqlEF\ECS.MemberManager.Core.DataAccess.SqlEF.csproj", "{11D9477C-99F9-452E-920E-F9EFFD430915}"
EndProject
Project("{FAE04EC0-301F-11D3-BF4B-00C04F79EFBC}") = "ECS.MemberManager.Core.BusinessObjects.Test", "ECS.MemberManager.Core.BusinessObjects.Test\ECS.MemberManager.Core.BusinessObjects.Test.csproj", "{E6060EB7-5A56-4044-BD50-DEA584F94D5F}"
EndProject
Project("{FAE04EC0-301F-11D3-BF4B-00C04F79EFBC}") = "ECS.MemberManager.Core.DataAccess.Mock", "ECS.MemberManager.Core.DataAccess.Mock\ECS.MemberManager.Core.DataAccess.Mock.csproj", "{8C811541-A666-4D8D-A51A-FC93C81375A8}"
EndProject
Project("{FAE04EC0-301F-11D3-BF4B-00C04F79EFBC}") = "ECS.MemberManager.Core.BusinessObjects.XUnitTest", "ECS.MemberManager.Core.BusinessObjects.XUnitTest\ECS.MemberManager.Core.BusinessObjects.XUnitTest.csproj", "{36FFBB4D-275E-4F5B-BABE-7BFE6D188520}"
EndProject
Global
	GlobalSection(SolutionConfigurationPlatforms) = preSolution
		Debug|Any CPU = Debug|Any CPU
		Release|Any CPU = Release|Any CPU
	EndGlobalSection
	GlobalSection(ProjectConfigurationPlatforms) = postSolution
		{3C2BAFE7-C4C4-47DA-AE33-5A3C6654CA7E}.Debug|Any CPU.ActiveCfg = Debug|Any CPU
		{3C2BAFE7-C4C4-47DA-AE33-5A3C6654CA7E}.Debug|Any CPU.Build.0 = Debug|Any CPU
		{3C2BAFE7-C4C4-47DA-AE33-5A3C6654CA7E}.Release|Any CPU.ActiveCfg = Release|Any CPU
		{3C2BAFE7-C4C4-47DA-AE33-5A3C6654CA7E}.Release|Any CPU.Build.0 = Release|Any CPU
		{3CB4A2F3-A2D7-48C2-A672-931B43EDA99D}.Debug|Any CPU.ActiveCfg = Debug|Any CPU
		{3CB4A2F3-A2D7-48C2-A672-931B43EDA99D}.Debug|Any CPU.Build.0 = Debug|Any CPU
		{3CB4A2F3-A2D7-48C2-A672-931B43EDA99D}.Release|Any CPU.ActiveCfg = Release|Any CPU
		{3CB4A2F3-A2D7-48C2-A672-931B43EDA99D}.Release|Any CPU.Build.0 = Release|Any CPU
		{BC4318C5-2750-408C-B2B0-DBF37A6B2CA8}.Debug|Any CPU.ActiveCfg = Debug|Any CPU
		{BC4318C5-2750-408C-B2B0-DBF37A6B2CA8}.Debug|Any CPU.Build.0 = Debug|Any CPU
		{BC4318C5-2750-408C-B2B0-DBF37A6B2CA8}.Release|Any CPU.ActiveCfg = Release|Any CPU
		{BC4318C5-2750-408C-B2B0-DBF37A6B2CA8}.Release|Any CPU.Build.0 = Release|Any CPU
		{6E32F548-4781-4E5F-8585-FD69FCF6B7BE}.Debug|Any CPU.ActiveCfg = Debug|Any CPU
		{6E32F548-4781-4E5F-8585-FD69FCF6B7BE}.Debug|Any CPU.Build.0 = Debug|Any CPU
		{6E32F548-4781-4E5F-8585-FD69FCF6B7BE}.Release|Any CPU.ActiveCfg = Release|Any CPU
		{6E32F548-4781-4E5F-8585-FD69FCF6B7BE}.Release|Any CPU.Build.0 = Release|Any CPU
		{9AC04A79-AAA0-4DA1-B377-5DBAA03BBD13}.Debug|Any CPU.ActiveCfg = Debug|Any CPU
		{9AC04A79-AAA0-4DA1-B377-5DBAA03BBD13}.Debug|Any CPU.Build.0 = Debug|Any CPU
		{9AC04A79-AAA0-4DA1-B377-5DBAA03BBD13}.Release|Any CPU.ActiveCfg = Release|Any CPU
		{9AC04A79-AAA0-4DA1-B377-5DBAA03BBD13}.Release|Any CPU.Build.0 = Release|Any CPU
		{64023567-8804-42C1-92E4-C3A4F0855817}.Debug|Any CPU.ActiveCfg = Debug|Any CPU
		{64023567-8804-42C1-92E4-C3A4F0855817}.Debug|Any CPU.Build.0 = Debug|Any CPU
		{64023567-8804-42C1-92E4-C3A4F0855817}.Release|Any CPU.ActiveCfg = Release|Any CPU
		{64023567-8804-42C1-92E4-C3A4F0855817}.Release|Any CPU.Build.0 = Release|Any CPU
		{CE31E6AF-6A9E-4172-884A-8C18D51C70A0}.Debug|Any CPU.ActiveCfg = Debug|Any CPU
		{CE31E6AF-6A9E-4172-884A-8C18D51C70A0}.Debug|Any CPU.Build.0 = Debug|Any CPU
		{CE31E6AF-6A9E-4172-884A-8C18D51C70A0}.Release|Any CPU.ActiveCfg = Release|Any CPU
		{CE31E6AF-6A9E-4172-884A-8C18D51C70A0}.Release|Any CPU.Build.0 = Release|Any CPU
		{11D9477C-99F9-452E-920E-F9EFFD430915}.Debug|Any CPU.ActiveCfg = Debug|Any CPU
		{11D9477C-99F9-452E-920E-F9EFFD430915}.Debug|Any CPU.Build.0 = Debug|Any CPU
		{11D9477C-99F9-452E-920E-F9EFFD430915}.Release|Any CPU.ActiveCfg = Release|Any CPU
		{11D9477C-99F9-452E-920E-F9EFFD430915}.Release|Any CPU.Build.0 = Release|Any CPU
		{E6060EB7-5A56-4044-BD50-DEA584F94D5F}.Debug|Any CPU.ActiveCfg = Debug|Any CPU
		{E6060EB7-5A56-4044-BD50-DEA584F94D5F}.Debug|Any CPU.Build.0 = Debug|Any CPU
		{E6060EB7-5A56-4044-BD50-DEA584F94D5F}.Release|Any CPU.ActiveCfg = Release|Any CPU
		{E6060EB7-5A56-4044-BD50-DEA584F94D5F}.Release|Any CPU.Build.0 = Release|Any CPU
		{8C811541-A666-4D8D-A51A-FC93C81375A8}.Debug|Any CPU.ActiveCfg = Debug|Any CPU
		{8C811541-A666-4D8D-A51A-FC93C81375A8}.Debug|Any CPU.Build.0 = Debug|Any CPU
		{8C811541-A666-4D8D-A51A-FC93C81375A8}.Release|Any CPU.ActiveCfg = Release|Any CPU
		{8C811541-A666-4D8D-A51A-FC93C81375A8}.Release|Any CPU.Build.0 = Release|Any CPU
		{36FFBB4D-275E-4F5B-BABE-7BFE6D188520}.Debug|Any CPU.ActiveCfg = Debug|Any CPU
		{36FFBB4D-275E-4F5B-BABE-7BFE6D188520}.Debug|Any CPU.Build.0 = Debug|Any CPU
		{36FFBB4D-275E-4F5B-BABE-7BFE6D188520}.Release|Any CPU.ActiveCfg = Release|Any CPU
		{36FFBB4D-275E-4F5B-BABE-7BFE6D188520}.Release|Any CPU.Build.0 = Release|Any CPU
	EndGlobalSection
	GlobalSection(SolutionProperties) = preSolution
		HideSolutionNode = FALSE
	EndGlobalSection
	GlobalSection(ExtensibilityGlobals) = postSolution
		SolutionGuid = {2C50EAA8-5F3D-411E-B690-493032123367}
	EndGlobalSection
EndGlobal
